// !$*UTF8*$!
{
	archiveVersion = 1;
	classes = {
	};
	objectVersion = 55;
	objects = {

/* Begin PBXBuildFile section */
		5FAAF1D9275EAF4300D580E0 /* main.swift in Sources */ = {isa = PBXBuildFile; fileRef = 5FAAF1D8275EAF4300D580E0 /* main.swift */; };
		5FAAF1E0275EAF6400D580E0 /* VirtualPage.swift in Sources */ = {isa = PBXBuildFile; fileRef = 5FAAF1DF275EAF6400D580E0 /* VirtualPage.swift */; };
		5FAAF1E2275EAF7200D580E0 /* PhysicalPage.swift in Sources */ = {isa = PBXBuildFile; fileRef = 5FAAF1E1275EAF7200D580E0 /* PhysicalPage.swift */; };
		5FAAF1E4275EAF8600D580E0 /* MemoryManagementUnit.swift in Sources */ = {isa = PBXBuildFile; fileRef = 5FAAF1E3275EAF8600D580E0 /* MemoryManagementUnit.swift */; };
		5FAAF1E6275EAF9200D580E0 /* Process.swift in Sources */ = {isa = PBXBuildFile; fileRef = 5FAAF1E5275EAF9200D580E0 /* Process.swift */; };
		5FAAF1E8275EB28300D580E0 /* Program.swift in Sources */ = {isa = PBXBuildFile; fileRef = 5FAAF1E7275EB28300D580E0 /* Program.swift */; };
		5FAAF1EA275EB75700D580E0 /* Constants.swift in Sources */ = {isa = PBXBuildFile; fileRef = 5FAAF1E9275EB75700D580E0 /* Constants.swift */; };
		5FAAF1EC275EBA8F00D580E0 /* Extensions.swift in Sources */ = {isa = PBXBuildFile; fileRef = 5FAAF1EB275EBA8F00D580E0 /* Extensions.swift */; };
		5FAAF1EE275EC09300D580E0 /* Logger.swift in Sources */ = {isa = PBXBuildFile; fileRef = 5FAAF1ED275EC09300D580E0 /* Logger.swift */; };
		5FAAF1F02760177C00D580E0 /* Kernel.swift in Sources */ = {isa = PBXBuildFile; fileRef = 5FAAF1EF2760177C00D580E0 /* Kernel.swift */; };
/* End PBXBuildFile section */

/* Begin PBXCopyFilesBuildPhase section */
		5FAAF1D3275EAF4300D580E0 /* CopyFiles */ = {
			isa = PBXCopyFilesBuildPhase;
			buildActionMask = 2147483647;
			dstPath = /usr/share/man/man1/;
			dstSubfolderSpec = 0;
			files = (
			);
			runOnlyForDeploymentPostprocessing = 1;
		};
/* End PBXCopyFilesBuildPhase section */

/* Begin PBXFileReference section */
		5FAAF1D5275EAF4300D580E0 /* PageReplacementAlgorithm */ = {isa = PBXFileReference; explicitFileType = "compiled.mach-o.executable"; includeInIndex = 0; path = PageReplacementAlgorithm; sourceTree = BUILT_PRODUCTS_DIR; };
		5FAAF1D8275EAF4300D580E0 /* main.swift */ = {isa = PBXFileReference; lastKnownFileType = sourcecode.swift; path = main.swift; sourceTree = "<group>"; };
		5FAAF1DF275EAF6400D580E0 /* VirtualPage.swift */ = {isa = PBXFileReference; lastKnownFileType = sourcecode.swift; path = VirtualPage.swift; sourceTree = "<group>"; };
		5FAAF1E1275EAF7200D580E0 /* PhysicalPage.swift */ = {isa = PBXFileReference; lastKnownFileType = sourcecode.swift; path = PhysicalPage.swift; sourceTree = "<group>"; };
		5FAAF1E3275EAF8600D580E0 /* MemoryManagementUnit.swift */ = {isa = PBXFileReference; lastKnownFileType = sourcecode.swift; path = MemoryManagementUnit.swift; sourceTree = "<group>"; };
		5FAAF1E5275EAF9200D580E0 /* Process.swift */ = {isa = PBXFileReference; lastKnownFileType = sourcecode.swift; path = Process.swift; sourceTree = "<group>"; };
		5FAAF1E7275EB28300D580E0 /* Program.swift */ = {isa = PBXFileReference; lastKnownFileType = sourcecode.swift; path = Program.swift; sourceTree = "<group>"; };
		5FAAF1E9275EB75700D580E0 /* Constants.swift */ = {isa = PBXFileReference; lastKnownFileType = sourcecode.swift; path = Constants.swift; sourceTree = "<group>"; };
		5FAAF1EB275EBA8F00D580E0 /* Extensions.swift */ = {isa = PBXFileReference; lastKnownFileType = sourcecode.swift; path = Extensions.swift; sourceTree = "<group>"; };
		5FAAF1ED275EC09300D580E0 /* Logger.swift */ = {isa = PBXFileReference; lastKnownFileType = sourcecode.swift; path = Logger.swift; sourceTree = "<group>"; };
		5FAAF1EF2760177C00D580E0 /* Kernel.swift */ = {isa = PBXFileReference; lastKnownFileType = sourcecode.swift; path = Kernel.swift; sourceTree = "<group>"; };
/* End PBXFileReference section */

/* Begin PBXFrameworksBuildPhase section */
		5FAAF1D2275EAF4300D580E0 /* Frameworks */ = {
			isa = PBXFrameworksBuildPhase;
			buildActionMask = 2147483647;
			files = (
			);
			runOnlyForDeploymentPostprocessing = 0;
		};
/* End PBXFrameworksBuildPhase section */

/* Begin PBXGroup section */
		5FAAF1CC275EAF4200D580E0 = {
			isa = PBXGroup;
			children = (
				5FAAF1D7275EAF4300D580E0 /* PageReplacementAlgorithm */,
				5FAAF1D6275EAF4300D580E0 /* Products */,
			);
			sourceTree = "<group>";
		};
		5FAAF1D6275EAF4300D580E0 /* Products */ = {
			isa = PBXGroup;
			children = (
				5FAAF1D5275EAF4300D580E0 /* PageReplacementAlgorithm */,
			);
			name = Products;
			sourceTree = "<group>";
		};
		5FAAF1D7275EAF4300D580E0 /* PageReplacementAlgorithm */ = {
			isa = PBXGroup;
			children = (
				5FAAF1D8275EAF4300D580E0 /* main.swift */,
				5FAAF1E7275EB28300D580E0 /* Program.swift */,
				5FAAF1EF2760177C00D580E0 /* Kernel.swift */,
				5FAAF1E3275EAF8600D580E0 /* MemoryManagementUnit.swift */,
				5FAAF1E1275EAF7200D580E0 /* PhysicalPage.swift */,
				5FAAF1E5275EAF9200D580E0 /* Process.swift */,
				5FAAF1DF275EAF6400D580E0 /* VirtualPage.swift */,
				5FAAF1E9275EB75700D580E0 /* Constants.swift */,
				5FAAF1EB275EBA8F00D580E0 /* Extensions.swift */,
				5FAAF1ED275EC09300D580E0 /* Logger.swift */,
			);
			path = PageReplacementAlgorithm;
			sourceTree = "<group>";
		};
/* End PBXGroup section */

/* Begin PBXNativeTarget section */
		5FAAF1D4275EAF4300D580E0 /* PageReplacementAlgorithm */ = {
			isa = PBXNativeTarget;
			buildConfigurationList = 5FAAF1DC275EAF4300D580E0 /* Build configuration list for PBXNativeTarget "PageReplacementAlgorithm" */;
			buildPhases = (
				5FAAF1D1275EAF4300D580E0 /* Sources */,
				5FAAF1D2275EAF4300D580E0 /* Frameworks */,
				5FAAF1D3275EAF4300D580E0 /* CopyFiles */,
			);
			buildRules = (
			);
			dependencies = (
			);
			name = PageReplacementAlgorithm;
			productName = PageReplacementAlgorithm;
			productReference = 5FAAF1D5275EAF4300D580E0 /* PageReplacementAlgorithm */;
			productType = "com.apple.product-type.tool";
		};
/* End PBXNativeTarget section */

/* Begin PBXProject section */
		5FAAF1CD275EAF4200D580E0 /* Project object */ = {
			isa = PBXProject;
			attributes = {
				BuildIndependentTargetsInParallel = 1;
				LastSwiftUpdateCheck = 1310;
				LastUpgradeCheck = 1310;
				TargetAttributes = {
					5FAAF1D4275EAF4300D580E0 = {
						CreatedOnToolsVersion = 13.1;
					};
				};
			};
			buildConfigurationList = 5FAAF1D0275EAF4200D580E0 /* Build configuration list for PBXProject "PageReplacementAlgorithm" */;
			compatibilityVersion = "Xcode 13.0";
			developmentRegion = en;
			hasScannedForEncodings = 0;
			knownRegions = (
				en,
				Base,
			);
			mainGroup = 5FAAF1CC275EAF4200D580E0;
			productRefGroup = 5FAAF1D6275EAF4300D580E0 /* Products */;
			projectDirPath = "";
			projectRoot = "";
			targets = (
				5FAAF1D4275EAF4300D580E0 /* PageReplacementAlgorithm */,
			);
		};
/* End PBXProject section */

/* Begin PBXSourcesBuildPhase section */
		5FAAF1D1275EAF4300D580E0 /* Sources */ = {
			isa = PBXSourcesBuildPhase;
			buildActionMask = 2147483647;
			files = (
				5FAAF1F02760177C00D580E0 /* Kernel.swift in Sources */,
				5FAAF1E2275EAF7200D580E0 /* PhysicalPage.swift in Sources */,
				5FAAF1E6275EAF9200D580E0 /* Process.swift in Sources */,
				5FAAF1E4275EAF8600D580E0 /* MemoryManagementUnit.swift in Sources */,
				5FAAF1E0275EAF6400D580E0 /* VirtualPage.swift in Sources */,
				5FAAF1EE275EC09300D580E0 /* Logger.swift in Sources */,
				5FAAF1EC275EBA8F00D580E0 /* Extensions.swift in Sources */,
				5FAAF1EA275EB75700D580E0 /* Constants.swift in Sources */,
				5FAAF1D9275EAF4300D580E0 /* main.swift in Sources */,
				5FAAF1E8275EB28300D580E0 /* Program.swift in Sources */,
			);
			runOnlyForDeploymentPostprocessing = 0;
		};
/* End PBXSourcesBuildPhase section */

/* Begin XCBuildConfiguration section */
		5FAAF1DA275EAF4300D580E0 /* Debug */ = {
			isa = XCBuildConfiguration;
			buildSettings = {
				ALWAYS_SEARCH_USER_PATHS = NO;
				CLANG_ANALYZER_NONNULL = YES;
				CLANG_ANALYZER_NUMBER_OBJECT_CONVERSION = YES_AGGRESSIVE;
				CLANG_CXX_LANGUAGE_STANDARD = "gnu++17";
				CLANG_CXX_LIBRARY = "libc++";
				CLANG_ENABLE_MODULES = YES;
				CLANG_ENABLE_OBJC_ARC = YES;
				CLANG_ENABLE_OBJC_WEAK = YES;
				CLANG_WARN_BLOCK_CAPTURE_AUTORELEASING = YES;
				CLANG_WARN_BOOL_CONVERSION = YES;
				CLANG_WARN_COMMA = YES;
				CLANG_WARN_CONSTANT_CONVERSION = YES;
				CLANG_WARN_DEPRECATED_OBJC_IMPLEMENTATIONS = YES;
				CLANG_WARN_DIRECT_OBJC_ISA_USAGE = YES_ERROR;
				CLANG_WARN_DOCUMENTATION_COMMENTS = YES;
				CLANG_WARN_EMPTY_BODY = YES;
				CLANG_WARN_ENUM_CONVERSION = YES;
				CLANG_WARN_INFINITE_RECURSION = YES;
				CLANG_WARN_INT_CONVERSION = YES;
				CLANG_WARN_NON_LITERAL_NULL_CONVERSION = YES;
				CLANG_WARN_OBJC_IMPLICIT_RETAIN_SELF = YES;
				CLANG_WARN_OBJC_LITERAL_CONVERSION = YES;
				CLANG_WARN_OBJC_ROOT_CLASS = YES_ERROR;
				CLANG_WARN_QUOTED_INCLUDE_IN_FRAMEWORK_HEADER = YES;
				CLANG_WARN_RANGE_LOOP_ANALYSIS = YES;
				CLANG_WARN_STRICT_PROTOTYPES = YES;
				CLANG_WARN_SUSPICIOUS_MOVE = YES;
				CLANG_WARN_UNGUARDED_AVAILABILITY = YES_AGGRESSIVE;
				CLANG_WARN_UNREACHABLE_CODE = YES;
				CLANG_WARN__DUPLICATE_METHOD_MATCH = YES;
				COPY_PHASE_STRIP = NO;
				DEBUG_INFORMATION_FORMAT = dwarf;
				ENABLE_STRICT_OBJC_MSGSEND = YES;
				ENABLE_TESTABILITY = YES;
				GCC_C_LANGUAGE_STANDARD = gnu11;
				GCC_DYNAMIC_NO_PIC = NO;
				GCC_NO_COMMON_BLOCKS = YES;
				GCC_OPTIMIZATION_LEVEL = 0;
				GCC_PREPROCESSOR_DEFINITIONS = (
					"DEBUG=1",
					"$(inherited)",
				);
				GCC_WARN_64_TO_32_BIT_CONVERSION = YES;
				GCC_WARN_ABOUT_RETURN_TYPE = YES_ERROR;
				GCC_WARN_UNDECLARED_SELECTOR = YES;
				GCC_WARN_UNINITIALIZED_AUTOS = YES_AGGRESSIVE;
				GCC_WARN_UNUSED_FUNCTION = YES;
				GCC_WARN_UNUSED_VARIABLE = YES;
				MACOSX_DEPLOYMENT_TARGET = 12.0;
				MTL_ENABLE_DEBUG_INFO = INCLUDE_SOURCE;
				MTL_FAST_MATH = YES;
				ONLY_ACTIVE_ARCH = YES;
				SDKROOT = macosx;
				SWIFT_ACTIVE_COMPILATION_CONDITIONS = DEBUG;
				SWIFT_OPTIMIZATION_LEVEL = "-Onone";
			};
			name = Debug;
		};
		5FAAF1DB275EAF4300D580E0 /* Release */ = {
			isa = XCBuildConfiguration;
			buildSettings = {
				ALWAYS_SEARCH_USER_PATHS = NO;
				CLANG_ANALYZER_NONNULL = YES;
				CLANG_ANALYZER_NUMBER_OBJECT_CONVERSION = YES_AGGRESSIVE;
				CLANG_CXX_LANGUAGE_STANDARD = "gnu++17";
				CLANG_CXX_LIBRARY = "libc++";
				CLANG_ENABLE_MODULES = YES;
				CLANG_ENABLE_OBJC_ARC = YES;
				CLANG_ENABLE_OBJC_WEAK = YES;
				CLANG_WARN_BLOCK_CAPTURE_AUTORELEASING = YES;
				CLANG_WARN_BOOL_CONVERSION = YES;
				CLANG_WARN_COMMA = YES;
				CLANG_WARN_CONSTANT_CONVERSION = YES;
				CLANG_WARN_DEPRECATED_OBJC_IMPLEMENTATIONS = YES;
				CLANG_WARN_DIRECT_OBJC_ISA_USAGE = YES_ERROR;
				CLANG_WARN_DOCUMENTATION_COMMENTS = YES;
				CLANG_WARN_EMPTY_BODY = YES;
				CLANG_WARN_ENUM_CONVERSION = YES;
				CLANG_WARN_INFINITE_RECURSION = YES;
				CLANG_WARN_INT_CONVERSION = YES;
				CLANG_WARN_NON_LITERAL_NULL_CONVERSION = YES;
				CLANG_WARN_OBJC_IMPLICIT_RETAIN_SELF = YES;
				CLANG_WARN_OBJC_LITERAL_CONVERSION = YES;
				CLANG_WARN_OBJC_ROOT_CLASS = YES_ERROR;
				CLANG_WARN_QUOTED_INCLUDE_IN_FRAMEWORK_HEADER = YES;
				CLANG_WARN_RANGE_LOOP_ANALYSIS = YES;
				CLANG_WARN_STRICT_PROTOTYPES = YES;
				CLANG_WARN_SUSPICIOUS_MOVE = YES;
				CLANG_WARN_UNGUARDED_AVAILABILITY = YES_AGGRESSIVE;
				CLANG_WARN_UNREACHABLE_CODE = YES;
				CLANG_WARN__DUPLICATE_METHOD_MATCH = YES;
				COPY_PHASE_STRIP = NO;
				DEBUG_INFORMATION_FORMAT = "dwarf-with-dsym";
				ENABLE_NS_ASSERTIONS = NO;
				ENABLE_STRICT_OBJC_MSGSEND = YES;
				GCC_C_LANGUAGE_STANDARD = gnu11;
				GCC_NO_COMMON_BLOCKS = YES;
				GCC_WARN_64_TO_32_BIT_CONVERSION = YES;
				GCC_WARN_ABOUT_RETURN_TYPE = YES_ERROR;
				GCC_WARN_UNDECLARED_SELECTOR = YES;
				GCC_WARN_UNINITIALIZED_AUTOS = YES_AGGRESSIVE;
				GCC_WARN_UNUSED_FUNCTION = YES;
				GCC_WARN_UNUSED_VARIABLE = YES;
				MACOSX_DEPLOYMENT_TARGET = 12.0;
				MTL_ENABLE_DEBUG_INFO = NO;
				MTL_FAST_MATH = YES;
				SDKROOT = macosx;
				SWIFT_COMPILATION_MODE = wholemodule;
				SWIFT_OPTIMIZATION_LEVEL = "-O";
			};
			name = Release;
		};
		5FAAF1DD275EAF4300D580E0 /* Debug */ = {
			isa = XCBuildConfiguration;
			buildSettings = {
				CODE_SIGN_STYLE = Automatic;
				DEVELOPMENT_TEAM = M92VXVU7J9;
				ENABLE_HARDENED_RUNTIME = YES;
				PRODUCT_NAME = "$(TARGET_NAME)";
				SWIFT_VERSION = 5.0;
			};
			name = Debug;
		};
		5FAAF1DE275EAF4300D580E0 /* Release */ = {
			isa = XCBuildConfiguration;
			buildSettings = {
				CODE_SIGN_STYLE = Automatic;
				DEVELOPMENT_TEAM = M92VXVU7J9;
				ENABLE_HARDENED_RUNTIME = YES;
				PRODUCT_NAME = "$(TARGET_NAME)";
				SWIFT_VERSION = 5.0;
			};
			name = Release;
		};
/* End XCBuildConfiguration section */

/* Begin XCConfigurationList section */
		5FAAF1D0275EAF4200D580E0 /* Build configuration list for PBXProject "PageReplacementAlgorithm" */ = {
			isa = XCConfigurationList;
			buildConfigurations = (
				5FAAF1DA275EAF4300D580E0 /* Debug */,
				5FAAF1DB275EAF4300D580E0 /* Release */,
			);
			defaultConfigurationIsVisible = 0;
			defaultConfigurationName = Release;
		};
		5FAAF1DC275EAF4300D580E0 /* Build configuration list for PBXNativeTarget "PageReplacementAlgorithm" */ = {
			isa = XCConfigurationList;
			buildConfigurations = (
				5FAAF1DD275EAF4300D580E0 /* Debug */,
				5FAAF1DE275EAF4300D580E0 /* Release */,
			);
			defaultConfigurationIsVisible = 0;
			defaultConfigurationName = Release;
		};
/* End XCConfigurationList section */
	};
	rootObject = 5FAAF1CD275EAF4200D580E0 /* Project object */;
}
